
Microsoft Visual Studio Solution File, Format Version 12.00
# Visual Studio 15
VisualStudioVersion = 15.0.26730.16
MinimumVisualStudioVersion = 10.0.40219.1
Project("{888888A0-9F3D-457C-B088-3A5042F75D52}") = "TileDriver", "TileDriver\TileDriver.pyproj", "{EA75B3CB-E0BD-4C88-AF61-34965ED16D03}"
EndProject
Global
	GlobalSection(SolutionConfigurationPlatforms) = preSolution
		Debug|Any CPU = Debug|Any CPU
		Release|Any CPU = Release|Any CPU
	EndGlobalSection
	GlobalSection(ProjectConfigurationPlatforms) = postSolution
		{EA75B3CB-E0BD-4C88-AF61-34965ED16D03}.Debug|Any CPU.ActiveCfg = Debug|Any CPU
		{EA75B3CB-E0BD-4C88-AF61-34965ED16D03}.Release|Any CPU.ActiveCfg = Release|Any CPU
	EndGlobalSection
	GlobalSection(SolutionProperties) = preSolution
		HideSolutionNode = FALSE
	EndGlobalSection
	GlobalSection(ExtensibilityGlobals) = postSolution
		SolutionGuid = {4945E745-6163-4508-854A-40F5EE9BF0B9}
	EndGlobalSection
EndGlobal
